
Microsoft Visual Studio Solution File, Format Version 12.00
# Visual Studio 15
VisualStudioVersion = 15.0.27703.2026
MinimumVisualStudioVersion = 10.0.40219.1
Project("{FAE04EC0-301F-11D3-BF4B-00C04F79EFBC}") = "Lands.Android", "Lands\Lands.Android\Lands.Android.csproj", "{E88D49C2-04FC-42C1-8858-441E0A13ADBE}"
EndProject
Project("{FAE04EC0-301F-11D3-BF4B-00C04F79EFBC}") = "Lands.iOS", "Lands\Lands.iOS\Lands.iOS.csproj", "{D41A2DBC-A621-4EFF-B466-E5993E06C04B}"
EndProject
Project("{FAE04EC0-301F-11D3-BF4B-00C04F79EFBC}") = "Lands", "Lands\Lands\Lands.csproj", "{49A53426-396F-489D-B271-5068AEABB83A}"
EndProject
Global
	GlobalSection(SolutionConfigurationPlatforms) = preSolution
		Ad-Hoc|Any CPU = Ad-Hoc|Any CPU
		Ad-Hoc|iPhone = Ad-Hoc|iPhone
		Ad-Hoc|iPhoneSimulator = Ad-Hoc|iPhoneSimulator
		AppStore|Any CPU = AppStore|Any CPU
		AppStore|iPhone = AppStore|iPhone
		AppStore|iPhoneSimulator = AppStore|iPhoneSimulator
		Debug|Any CPU = Debug|Any CPU
		Debug|iPhone = Debug|iPhone
		Debug|iPhoneSimulator = Debug|iPhoneSimulator
		Release|Any CPU = Release|Any CPU
		Release|iPhone = Release|iPhone
		Release|iPhoneSimulator = Release|iPhoneSimulator
	EndGlobalSection
	GlobalSection(ProjectConfigurationPlatforms) = postSolution
		{E88D49C2-04FC-42C1-8858-441E0A13ADBE}.Ad-Hoc|Any CPU.ActiveCfg = Release|Any CPU
		{E88D49C2-04FC-42C1-8858-441E0A13ADBE}.Ad-Hoc|Any CPU.Build.0 = Release|Any CPU
		{E88D49C2-04FC-42C1-8858-441E0A13ADBE}.Ad-Hoc|Any CPU.Deploy.0 = Release|Any CPU
		{E88D49C2-04FC-42C1-8858-441E0A13ADBE}.Ad-Hoc|iPhone.ActiveCfg = Release|Any CPU
		{E88D49C2-04FC-42C1-8858-441E0A13ADBE}.Ad-Hoc|iPhone.Build.0 = Release|Any CPU
		{E88D49C2-04FC-42C1-8858-441E0A13ADBE}.Ad-Hoc|iPhone.Deploy.0 = Release|Any CPU
		{E88D49C2-04FC-42C1-8858-441E0A13ADBE}.Ad-Hoc|iPhoneSimulator.ActiveCfg = Release|Any CPU
		{E88D49C2-04FC-42C1-8858-441E0A13ADBE}.Ad-Hoc|iPhoneSimulator.Build.0 = Release|Any CPU
		{E88D49C2-04FC-42C1-8858-441E0A13ADBE}.Ad-Hoc|iPhoneSimulator.Deploy.0 = Release|Any CPU
		{E88D49C2-04FC-42C1-8858-441E0A13ADBE}.AppStore|Any CPU.ActiveCfg = Release|Any CPU
		{E88D49C2-04FC-42C1-8858-441E0A13ADBE}.AppStore|Any CPU.Build.0 = Release|Any CPU
		{E88D49C2-04FC-42C1-8858-441E0A13ADBE}.AppStore|Any CPU.Deploy.0 = Release|Any CPU
		{E88D49C2-04FC-42C1-8858-441E0A13ADBE}.AppStore|iPhone.ActiveCfg = Release|Any CPU
		{E88D49C2-04FC-42C1-8858-441E0A13ADBE}.AppStore|iPhone.Build.0 = Release|Any CPU
		{E88D49C2-04FC-42C1-8858-441E0A13ADBE}.AppStore|iPhone.Deploy.0 = Release|Any CPU
		{E88D49C2-04FC-42C1-8858-441E0A13ADBE}.AppStore|iPhoneSimulator.ActiveCfg = Release|Any CPU
		{E88D49C2-04FC-42C1-8858-441E0A13ADBE}.AppStore|iPhoneSimulator.Build.0 = Release|Any CPU
		{E88D49C2-04FC-42C1-8858-441E0A13ADBE}.AppStore|iPhoneSimulator.Deploy.0 = Release|Any CPU
		{E88D49C2-04FC-42C1-8858-441E0A13ADBE}.Debug|Any CPU.ActiveCfg = Debug|Any CPU
		{E88D49C2-04FC-42C1-8858-441E0A13ADBE}.Debug|Any CPU.Build.0 = Debug|Any CPU
		{E88D49C2-04FC-42C1-8858-441E0A13ADBE}.Debug|Any CPU.Deploy.0 = Debug|Any CPU
		{E88D49C2-04FC-42C1-8858-441E0A13ADBE}.Debug|iPhone.ActiveCfg = Debug|Any CPU
		{E88D49C2-04FC-42C1-8858-441E0A13ADBE}.Debug|iPhone.Build.0 = Debug|Any CPU
		{E88D49C2-04FC-42C1-8858-441E0A13ADBE}.Debug|iPhone.Deploy.0 = Debug|Any CPU
		{E88D49C2-04FC-42C1-8858-441E0A13ADBE}.Debug|iPhoneSimulator.ActiveCfg = Debug|Any CPU
		{E88D49C2-04FC-42C1-8858-441E0A13ADBE}.Debug|iPhoneSimulator.Build.0 = Debug|Any CPU
		{E88D49C2-04FC-42C1-8858-441E0A13ADBE}.Debug|iPhoneSimulator.Deploy.0 = Debug|Any CPU
		{E88D49C2-04FC-42C1-8858-441E0A13ADBE}.Release|Any CPU.ActiveCfg = Release|Any CPU
		{E88D49C2-04FC-42C1-8858-441E0A13ADBE}.Release|Any CPU.Build.0 = Release|Any CPU
		{E88D49C2-04FC-42C1-8858-441E0A13ADBE}.Release|Any CPU.Deploy.0 = Release|Any CPU
		{E88D49C2-04FC-42C1-8858-441E0A13ADBE}.Release|iPhone.ActiveCfg = Release|Any CPU
		{E88D49C2-04FC-42C1-8858-441E0A13ADBE}.Release|iPhone.Build.0 = Release|Any CPU
		{E88D49C2-04FC-42C1-8858-441E0A13ADBE}.Release|iPhone.Deploy.0 = Release|Any CPU
		{E88D49C2-04FC-42C1-8858-441E0A13ADBE}.Release|iPhoneSimulator.ActiveCfg = Release|Any CPU
		{E88D49C2-04FC-42C1-8858-441E0A13ADBE}.Release|iPhoneSimulator.Build.0 = Release|Any CPU
		{E88D49C2-04FC-42C1-8858-441E0A13ADBE}.Release|iPhoneSimulator.Deploy.0 = Release|Any CPU
		{D41A2DBC-A621-4EFF-B466-E5993E06C04B}.Ad-Hoc|Any CPU.ActiveCfg = Ad-Hoc|iPhone
		{D41A2DBC-A621-4EFF-B466-E5993E06C04B}.Ad-Hoc|Any CPU.Build.0 = Ad-Hoc|iPhone
		{D41A2DBC-A621-4EFF-B466-E5993E06C04B}.Ad-Hoc|Any CPU.Deploy.0 = Ad-Hoc|iPhone
		{D41A2DBC-A621-4EFF-B466-E5993E06C04B}.Ad-Hoc|iPhone.ActiveCfg = Ad-Hoc|iPhone
		{D41A2DBC-A621-4EFF-B466-E5993E06C04B}.Ad-Hoc|iPhone.Build.0 = Ad-Hoc|iPhone
		{D41A2DBC-A621-4EFF-B466-E5993E06C04B}.Ad-Hoc|iPhone.Deploy.0 = Ad-Hoc|iPhone
		{D41A2DBC-A621-4EFF-B466-E5993E06C04B}.Ad-Hoc|iPhoneSimulator.ActiveCfg = Ad-Hoc|iPhoneSimulator
		{D41A2DBC-A621-4EFF-B466-E5993E06C04B}.Ad-Hoc|iPhoneSimulator.Build.0 = Ad-Hoc|iPhoneSimulator
		{D41A2DBC-A621-4EFF-B466-E5993E06C04B}.Ad-Hoc|iPhoneSimulator.Deploy.0 = Ad-Hoc|iPhoneSimulator
		{D41A2DBC-A621-4EFF-B466-E5993E06C04B}.AppStore|Any CPU.ActiveCfg = AppStore|iPhone
		{D41A2DBC-A621-4EFF-B466-E5993E06C04B}.AppStore|Any CPU.Build.0 = AppStore|iPhone
		{D41A2DBC-A621-4EFF-B466-E5993E06C04B}.AppStore|Any CPU.Deploy.0 = AppStore|iPhone
		{D41A2DBC-A621-4EFF-B466-E5993E06C04B}.AppStore|iPhone.ActiveCfg = AppStore|iPhone
		{D41A2DBC-A621-4EFF-B466-E5993E06C04B}.AppStore|iPhone.Build.0 = AppStore|iPhone
		{D41A2DBC-A621-4EFF-B466-E5993E06C04B}.AppStore|iPhone.Deploy.0 = AppStore|iPhone
		{D41A2DBC-A621-4EFF-B466-E5993E06C04B}.AppStore|iPhoneSimulator.ActiveCfg = AppStore|iPhoneSimulator
		{D41A2DBC-A621-4EFF-B466-E5993E06C04B}.AppStore|iPhoneSimulator.Build.0 = AppStore|iPhoneSimulator
		{D41A2DBC-A621-4EFF-B466-E5993E06C04B}.AppStore|iPhoneSimulator.Deploy.0 = AppStore|iPhoneSimulator
		{D41A2DBC-A621-4EFF-B466-E5993E06C04B}.Debug|Any CPU.ActiveCfg = Debug|iPhoneSimulator
		{D41A2DBC-A621-4EFF-B466-E5993E06C04B}.Debug|Any CPU.Build.0 = Debug|iPhoneSimulator
		{D41A2DBC-A621-4EFF-B466-E5993E06C04B}.Debug|Any CPU.Deploy.0 = Debug|iPhoneSimulator
		{D41A2DBC-A621-4EFF-B466-E5993E06C04B}.Debug|iPhone.ActiveCfg = Debug|iPhone
		{D41A2DBC-A621-4EFF-B466-E5993E06C04B}.Debug|iPhone.Build.0 = Debug|iPhone
		{D41A2DBC-A621-4EFF-B466-E5993E06C04B}.Debug|iPhone.Deploy.0 = Debug|iPhone
		{D41A2DBC-A621-4EFF-B466-E5993E06C04B}.Debug|iPhoneSimulator.ActiveCfg = Debug|iPhoneSimulator
		{D41A2DBC-A621-4EFF-B466-E5993E06C04B}.Debug|iPhoneSimulator.Build.0 = Debug|iPhoneSimulator
		{D41A2DBC-A621-4EFF-B466-E5993E06C04B}.Debug|iPhoneSimulator.Deploy.0 = Debug|iPhoneSimulator
		{D41A2DBC-A621-4EFF-B466-E5993E06C04B}.Release|Any CPU.ActiveCfg = Release|iPhone
		{D41A2DBC-A621-4EFF-B466-E5993E06C04B}.Release|Any CPU.Build.0 = Release|iPhone
		{D41A2DBC-A621-4EFF-B466-E5993E06C04B}.Release|Any CPU.Deploy.0 = Release|iPhone
		{D41A2DBC-A621-4EFF-B466-E5993E06C04B}.Release|iPhone.ActiveCfg = Release|iPhone
		{D41A2DBC-A621-4EFF-B466-E5993E06C04B}.Release|iPhone.Build.0 = Release|iPhone
		{D41A2DBC-A621-4EFF-B466-E5993E06C04B}.Release|iPhone.Deploy.0 = Release|iPhone
		{D41A2DBC-A621-4EFF-B466-E5993E06C04B}.Release|iPhoneSimulator.ActiveCfg = Release|iPhoneSimulator
		{D41A2DBC-A621-4EFF-B466-E5993E06C04B}.Release|iPhoneSimulator.Build.0 = Release|iPhoneSimulator
		{D41A2DBC-A621-4EFF-B466-E5993E06C04B}.Release|iPhoneSimulator.Deploy.0 = Release|iPhoneSimulator
		{49A53426-396F-489D-B271-5068AEABB83A}.Ad-Hoc|Any CPU.ActiveCfg = Debug|Any CPU
		{49A53426-396F-489D-B271-5068AEABB83A}.Ad-Hoc|Any CPU.Build.0 = Debug|Any CPU
		{49A53426-396F-489D-B271-5068AEABB83A}.Ad-Hoc|Any CPU.Deploy.0 = Debug|Any CPU
		{49A53426-396F-489D-B271-5068AEABB83A}.Ad-Hoc|iPhone.ActiveCfg = Debug|Any CPU
		{49A53426-396F-489D-B271-5068AEABB83A}.Ad-Hoc|iPhone.Build.0 = Debug|Any CPU
		{49A53426-396F-489D-B271-5068AEABB83A}.Ad-Hoc|iPhone.Deploy.0 = Debug|Any CPU
		{49A53426-396F-489D-B271-5068AEABB83A}.Ad-Hoc|iPhoneSimulator.ActiveCfg = Debug|Any CPU
		{49A53426-396F-489D-B271-5068AEABB83A}.Ad-Hoc|iPhoneSimulator.Build.0 = Debug|Any CPU
		{49A53426-396F-489D-B271-5068AEABB83A}.Ad-Hoc|iPhoneSimulator.Deploy.0 = Debug|Any CPU
		{49A53426-396F-489D-B271-5068AEABB83A}.AppStore|Any CPU.ActiveCfg = Debug|Any CPU
		{49A53426-396F-489D-B271-5068AEABB83A}.AppStore|Any CPU.Build.0 = Debug|Any CPU
		{49A53426-396F-489D-B271-5068AEABB83A}.AppStore|Any CPU.Deploy.0 = Debug|Any CPU
		{49A53426-396F-489D-B271-5068AEABB83A}.AppStore|iPhone.ActiveCfg = Debug|Any CPU
		{49A53426-396F-489D-B271-5068AEABB83A}.AppStore|iPhone.Build.0 = Debug|Any CPU
		{49A53426-396F-489D-B271-5068AEABB83A}.AppStore|iPhone.Deploy.0 = Debug|Any CPU
		{49A53426-396F-489D-B271-5068AEABB83A}.AppStore|iPhoneSimulator.ActiveCfg = Debug|Any CPU
		{49A53426-396F-489D-B271-5068AEABB83A}.AppStore|iPhoneSimulator.Build.0 = Debug|Any CPU
		{49A53426-396F-489D-B271-5068AEABB83A}.AppStore|iPhoneSimulator.Deploy.0 = Debug|Any CPU
		{49A53426-396F-489D-B271-5068AEABB83A}.Debug|Any CPU.ActiveCfg = Debug|Any CPU
		{49A53426-396F-489D-B271-5068AEABB83A}.Debug|Any CPU.Build.0 = Debug|Any CPU
		{49A53426-396F-489D-B271-5068AEABB83A}.Debug|Any CPU.Deploy.0 = Debug|Any CPU
		{49A53426-396F-489D-B271-5068AEABB83A}.Debug|iPhone.ActiveCfg = Debug|Any CPU
		{49A53426-396F-489D-B271-5068AEABB83A}.Debug|iPhone.Build.0 = Debug|Any CPU
		{49A53426-396F-489D-B271-5068AEABB83A}.Debug|iPhone.Deploy.0 = Debug|Any CPU
		{49A53426-396F-489D-B271-5068AEABB83A}.Debug|iPhoneSimulator.ActiveCfg = Debug|Any CPU
		{49A53426-396F-489D-B271-5068AEABB83A}.Debug|iPhoneSimulator.Build.0 = Debug|Any CPU
		{49A53426-396F-489D-B271-5068AEABB83A}.Debug|iPhoneSimulator.Deploy.0 = Debug|Any CPU
		{49A53426-396F-489D-B271-5068AEABB83A}.Release|Any CPU.ActiveCfg = Release|Any CPU
		{49A53426-396F-489D-B271-5068AEABB83A}.Release|Any CPU.Build.0 = Release|Any CPU
		{49A53426-396F-489D-B271-5068AEABB83A}.Release|Any CPU.Deploy.0 = Release|Any CPU
		{49A53426-396F-489D-B271-5068AEABB83A}.Release|iPhone.ActiveCfg = Release|Any CPU
		{49A53426-396F-489D-B271-5068AEABB83A}.Release|iPhone.Build.0 = Release|Any CPU
		{49A53426-396F-489D-B271-5068AEABB83A}.Release|iPhone.Deploy.0 = Release|Any CPU
		{49A53426-396F-489D-B271-5068AEABB83A}.Release|iPhoneSimulator.ActiveCfg = Release|Any CPU
		{49A53426-396F-489D-B271-5068AEABB83A}.Release|iPhoneSimulator.Build.0 = Release|Any CPU
		{49A53426-396F-489D-B271-5068AEABB83A}.Release|iPhoneSimulator.Deploy.0 = Release|Any CPU
	EndGlobalSection
	GlobalSection(SolutionProperties) = preSolution
		HideSolutionNode = FALSE
	EndGlobalSection
	GlobalSection(ExtensibilityGlobals) = postSolution
		SolutionGuid = {8D0E1341-8198-4109-922F-1B32BFF7612F}
	EndGlobalSection
EndGlobal
